// !$*UTF8*$!
{
	archiveVersion = 1;
	classes = {
	};
	objectVersion = 77;
	objects = {

/* Begin PBXBuildFile section */
		C55C4B662D2DDD2000C363AA /* Preview Assets.xcassets in Resources */ = {isa = PBXBuildFile; fileRef = C55C4B602D2DDD2000C363AA /* Preview Assets.xcassets */; };
		C55C4B672D2DDD2000C363AA /* Assets.xcassets in Resources */ = {isa = PBXBuildFile; fileRef = C55C4B622D2DDD2000C363AA /* Assets.xcassets */; };
		C55C4B692D2DDD2000C363AA /* ShopingListApp.swift in Sources */ = {isa = PBXBuildFile; fileRef = C55C4B642D2DDD2000C363AA /* ShopingListApp.swift */; };
		C55C4B6B2D2DDD6000C363AA /* MainTabView.swift in Sources */ = {isa = PBXBuildFile; fileRef = C55C4B6A2D2DDD6000C363AA /* MainTabView.swift */; };
		C55C4B6D2D2DDF2D00C363AA /* ShopingListView.swift in Sources */ = {isa = PBXBuildFile; fileRef = C55C4B6C2D2DDF2D00C363AA /* ShopingListView.swift */; };
		C55C4BD32D2EB35200C363AA /* ProgressBar.swift in Sources */ = {isa = PBXBuildFile; fileRef = C55C4BD22D2EB35200C363AA /* ProgressBar.swift */; };
		C55C4BD72D2EBB5600C363AA /* ShoppingListNavigationBar.swift in Sources */ = {isa = PBXBuildFile; fileRef = C55C4BD62D2EBB5600C363AA /* ShoppingListNavigationBar.swift */; };
		C55C4BDA2D2EC1D500C363AA /* RoundActionButton.swift in Sources */ = {isa = PBXBuildFile; fileRef = C55C4BD92D2EC1D500C363AA /* RoundActionButton.swift */; };
		C55C4BDC2D2EC54F00C363AA /* ItemsListView.swift in Sources */ = {isa = PBXBuildFile; fileRef = C55C4BDB2D2EC54F00C363AA /* ItemsListView.swift */; };
		C55C4BE02D2EEBA200C363AA /* ShoppingListViewModel.swift in Sources */ = {isa = PBXBuildFile; fileRef = C55C4BDF2D2EEBA200C363AA /* ShoppingListViewModel.swift */; };
		C55C4BE42D2EEFC500C363AA /* Item.swift in Sources */ = {isa = PBXBuildFile; fileRef = C55C4BE32D2EEFC500C363AA /* Item.swift */; };
		C55C4BE62D2EF3A500C363AA /* ItemsListCellView.swift in Sources */ = {isa = PBXBuildFile; fileRef = C55C4BE52D2EF3A500C363AA /* ItemsListCellView.swift */; };
		C55C4BEE2D2F4EA800C363AA /* AddNewItemView.swift in Sources */ = {isa = PBXBuildFile; fileRef = C55C4BED2D2F4EA800C363AA /* AddNewItemView.swift */; };
		C55C4BF02D2F60F500C363AA /* ImmediateKeyboardModifier.swift in Sources */ = {isa = PBXBuildFile; fileRef = C55C4BEF2D2F60F500C363AA /* ImmediateKeyboardModifier.swift */; };
		C55C4BF72D30037A00C363AA /* CompletedItemsHeaderView.swift in Sources */ = {isa = PBXBuildFile; fileRef = C55C4BF52D30037A00C363AA /* CompletedItemsHeaderView.swift */; };
		C55C4BF82D30037A00C363AA /* EmptyActiveItemsView.swift in Sources */ = {isa = PBXBuildFile; fileRef = C55C4BF62D30037A00C363AA /* EmptyActiveItemsView.swift */; };
/* End PBXBuildFile section */

/* Begin PBXFileReference section */
		C55C4B4F2D2DDCEC00C363AA /* ShopingList.app */ = {isa = PBXFileReference; explicitFileType = wrapper.application; includeInIndex = 0; path = ShopingList.app; sourceTree = BUILT_PRODUCTS_DIR; };
		C55C4B602D2DDD2000C363AA /* Preview Assets.xcassets */ = {isa = PBXFileReference; lastKnownFileType = folder.assetcatalog; path = "Preview Assets.xcassets"; sourceTree = "<group>"; };
		C55C4B622D2DDD2000C363AA /* Assets.xcassets */ = {isa = PBXFileReference; lastKnownFileType = folder.assetcatalog; path = Assets.xcassets; sourceTree = "<group>"; };
		C55C4B642D2DDD2000C363AA /* ShopingListApp.swift */ = {isa = PBXFileReference; lastKnownFileType = sourcecode.swift; path = ShopingListApp.swift; sourceTree = "<group>"; };
		C55C4B6A2D2DDD6000C363AA /* MainTabView.swift */ = {isa = PBXFileReference; lastKnownFileType = sourcecode.swift; path = MainTabView.swift; sourceTree = "<group>"; };
		C55C4B6C2D2DDF2D00C363AA /* ShopingListView.swift */ = {isa = PBXFileReference; lastKnownFileType = sourcecode.swift; path = ShopingListView.swift; sourceTree = "<group>"; };
		C55C4BD22D2EB35200C363AA /* ProgressBar.swift */ = {isa = PBXFileReference; lastKnownFileType = sourcecode.swift; path = ProgressBar.swift; sourceTree = "<group>"; };
		C55C4BD62D2EBB5600C363AA /* ShoppingListNavigationBar.swift */ = {isa = PBXFileReference; lastKnownFileType = sourcecode.swift; path = ShoppingListNavigationBar.swift; sourceTree = "<group>"; };
		C55C4BD92D2EC1D500C363AA /* RoundActionButton.swift */ = {isa = PBXFileReference; lastKnownFileType = sourcecode.swift; path = RoundActionButton.swift; sourceTree = "<group>"; };
		C55C4BDB2D2EC54F00C363AA /* ItemsListView.swift */ = {isa = PBXFileReference; lastKnownFileType = sourcecode.swift; path = ItemsListView.swift; sourceTree = "<group>"; };
		C55C4BDF2D2EEBA200C363AA /* ShoppingListViewModel.swift */ = {isa = PBXFileReference; lastKnownFileType = sourcecode.swift; path = ShoppingListViewModel.swift; sourceTree = "<group>"; };
		C55C4BE32D2EEFC500C363AA /* Item.swift */ = {isa = PBXFileReference; lastKnownFileType = sourcecode.swift; path = Item.swift; sourceTree = "<group>"; };
		C55C4BE52D2EF3A500C363AA /* ItemsListCellView.swift */ = {isa = PBXFileReference; lastKnownFileType = sourcecode.swift; path = ItemsListCellView.swift; sourceTree = "<group>"; };
		C55C4BED2D2F4EA800C363AA /* AddNewItemView.swift */ = {isa = PBXFileReference; lastKnownFileType = sourcecode.swift; path = AddNewItemView.swift; sourceTree = "<group>"; };
		C55C4BEF2D2F60F500C363AA /* ImmediateKeyboardModifier.swift */ = {isa = PBXFileReference; lastKnownFileType = sourcecode.swift; path = ImmediateKeyboardModifier.swift; sourceTree = "<group>"; };
		C55C4BF52D30037A00C363AA /* CompletedItemsHeaderView.swift */ = {isa = PBXFileReference; lastKnownFileType = sourcecode.swift; path = CompletedItemsHeaderView.swift; sourceTree = "<group>"; };
		C55C4BF62D30037A00C363AA /* EmptyActiveItemsView.swift */ = {isa = PBXFileReference; lastKnownFileType = sourcecode.swift; path = EmptyActiveItemsView.swift; sourceTree = "<group>"; };
/* End PBXFileReference section */

/* Begin PBXFrameworksBuildPhase section */
		C55C4B4C2D2DDCEC00C363AA /* Frameworks */ = {
			isa = PBXFrameworksBuildPhase;
			buildActionMask = 2147483647;
			files = (
			);
			runOnlyForDeploymentPostprocessing = 0;
		};
/* End PBXFrameworksBuildPhase section */

/* Begin PBXGroup section */
		C55C4B462D2DDCEC00C363AA = {
			isa = PBXGroup;
			children = (
				C55C4B652D2DDD2000C363AA /* ShopingList */,
				C55C4B502D2DDCEC00C363AA /* Products */,
			);
			sourceTree = "<group>";
		};
		C55C4B502D2DDCEC00C363AA /* Products */ = {
			isa = PBXGroup;
			children = (
				C55C4B4F2D2DDCEC00C363AA /* ShopingList.app */,
			);
			name = Products;
			sourceTree = "<group>";
		};
		C55C4B612D2DDD2000C363AA /* Preview Content */ = {
			isa = PBXGroup;
			children = (
				C55C4B602D2DDD2000C363AA /* Preview Assets.xcassets */,
			);
			path = "Preview Content";
			sourceTree = "<group>";
		};
		C55C4B652D2DDD2000C363AA /* ShopingList */ = {
			isa = PBXGroup;
			children = (
				C55C4B642D2DDD2000C363AA /* ShopingListApp.swift */,
				C55C4B6A2D2DDD6000C363AA /* MainTabView.swift */,
				C55C4BE22D2EEF9900C363AA /* Models */,
				C55C4BE12D2EEBB800C363AA /* ViewModel */,
				C55C4B6E2D2DE07F00C363AA /* Views */,
				C55C4BF12D2F643400C363AA /* Helpers */,
				C55C4B622D2DDD2000C363AA /* Assets.xcassets */,
				C55C4B612D2DDD2000C363AA /* Preview Content */,
			);
			path = ShopingList;
			sourceTree = "<group>";
		};
		C55C4B6E2D2DE07F00C363AA /* Views */ = {
			isa = PBXGroup;
			children = (
				C55C4B6C2D2DDF2D00C363AA /* ShopingListView.swift */,
				C55C4BDB2D2EC54F00C363AA /* ItemsListView.swift */,
				C55C4BE52D2EF3A500C363AA /* ItemsListCellView.swift */,
				C55C4BF62D30037A00C363AA /* EmptyActiveItemsView.swift */,
				C55C4BF52D30037A00C363AA /* CompletedItemsHeaderView.swift */,
				C55C4BED2D2F4EA800C363AA /* AddNewItemView.swift */,
				C55C4BD62D2EBB5600C363AA /* ShoppingListNavigationBar.swift */,
				C55C4BD22D2EB35200C363AA /* ProgressBar.swift */,
				C55C4BD82D2EC08400C363AA /* Buttons */,
			);
			path = Views;
			sourceTree = "<group>";
		};
		C55C4BD82D2EC08400C363AA /* Buttons */ = {
			isa = PBXGroup;
			children = (
				C55C4BD92D2EC1D500C363AA /* RoundActionButton.swift */,
			);
			path = Buttons;
			sourceTree = "<group>";
		};
		C55C4BE12D2EEBB800C363AA /* ViewModel */ = {
			isa = PBXGroup;
			children = (
				C55C4BDF2D2EEBA200C363AA /* ShoppingListViewModel.swift */,
			);
			path = ViewModel;
			sourceTree = "<group>";
		};
		C55C4BE22D2EEF9900C363AA /* Models */ = {
			isa = PBXGroup;
			children = (
				C55C4BE32D2EEFC500C363AA /* Item.swift */,
			);
			path = Models;
			sourceTree = "<group>";
		};
		C55C4BF12D2F643400C363AA /* Helpers */ = {
			isa = PBXGroup;
			children = (
				C55C4BEF2D2F60F500C363AA /* ImmediateKeyboardModifier.swift */,
			);
			path = Helpers;
			sourceTree = "<group>";
		};
/* End PBXGroup section */

/* Begin PBXNativeTarget section */
		C55C4B4E2D2DDCEC00C363AA /* ShopingList */ = {
			isa = PBXNativeTarget;
			buildConfigurationList = C55C4B5D2D2DDCED00C363AA /* Build configuration list for PBXNativeTarget "ShopingList" */;
			buildPhases = (
				C55C4B4B2D2DDCEC00C363AA /* Sources */,
				C55C4B4C2D2DDCEC00C363AA /* Frameworks */,
				C55C4B4D2D2DDCEC00C363AA /* Resources */,
			);
			buildRules = (
			);
			dependencies = (
			);
			name = ShopingList;
			packageProductDependencies = (
			);
			productName = ShopingList;
			productReference = C55C4B4F2D2DDCEC00C363AA /* ShopingList.app */;
			productType = "com.apple.product-type.application";
		};
/* End PBXNativeTarget section */

/* Begin PBXProject section */
		C55C4B472D2DDCEC00C363AA /* Project object */ = {
			isa = PBXProject;
			attributes = {
				BuildIndependentTargetsInParallel = 1;
				LastSwiftUpdateCheck = 1620;
				LastUpgradeCheck = 1620;
				TargetAttributes = {
					C55C4B4E2D2DDCEC00C363AA = {
						CreatedOnToolsVersion = 16.2;
					};
				};
			};
			buildConfigurationList = C55C4B4A2D2DDCEC00C363AA /* Build configuration list for PBXProject "ShopingList" */;
			developmentRegion = en;
			hasScannedForEncodings = 0;
			knownRegions = (
				en,
				Base,
			);
			mainGroup = C55C4B462D2DDCEC00C363AA;
			minimizedProjectReferenceProxies = 1;
			preferredProjectObjectVersion = 77;
			productRefGroup = C55C4B502D2DDCEC00C363AA /* Products */;
			projectDirPath = "";
			projectRoot = "";
			targets = (
				C55C4B4E2D2DDCEC00C363AA /* ShopingList */,
			);
		};
/* End PBXProject section */

/* Begin PBXResourcesBuildPhase section */
		C55C4B4D2D2DDCEC00C363AA /* Resources */ = {
			isa = PBXResourcesBuildPhase;
			buildActionMask = 2147483647;
			files = (
				C55C4B662D2DDD2000C363AA /* Preview Assets.xcassets in Resources */,
				C55C4B672D2DDD2000C363AA /* Assets.xcassets in Resources */,
			);
			runOnlyForDeploymentPostprocessing = 0;
		};
/* End PBXResourcesBuildPhase section */

/* Begin PBXSourcesBuildPhase section */
		C55C4B4B2D2DDCEC00C363AA /* Sources */ = {
			isa = PBXSourcesBuildPhase;
			buildActionMask = 2147483647;
			files = (
				C55C4BE42D2EEFC500C363AA /* Item.swift in Sources */,
				C55C4B692D2DDD2000C363AA /* ShopingListApp.swift in Sources */,
				C55C4BD72D2EBB5600C363AA /* ShoppingListNavigationBar.swift in Sources */,
				C55C4B6B2D2DDD6000C363AA /* MainTabView.swift in Sources */,
				C55C4BD32D2EB35200C363AA /* ProgressBar.swift in Sources */,
				C55C4B6D2D2DDF2D00C363AA /* ShopingListView.swift in Sources */,
				C55C4BEE2D2F4EA800C363AA /* AddNewItemView.swift in Sources */,
				C55C4BDA2D2EC1D500C363AA /* RoundActionButton.swift in Sources */,
				C55C4BF02D2F60F500C363AA /* ImmediateKeyboardModifier.swift in Sources */,
				C55C4BDC2D2EC54F00C363AA /* ItemsListView.swift in Sources */,
				C55C4BF72D30037A00C363AA /* CompletedItemsHeaderView.swift in Sources */,
				C55C4BF82D30037A00C363AA /* EmptyActiveItemsView.swift in Sources */,
				C55C4BE02D2EEBA200C363AA /* ShoppingListViewModel.swift in Sources */,
				C55C4BE62D2EF3A500C363AA /* ItemsListCellView.swift in Sources */,
			);
			runOnlyForDeploymentPostprocessing = 0;
		};
/* End PBXSourcesBuildPhase section */

/* Begin XCBuildConfiguration section */
		C55C4B5B2D2DDCED00C363AA /* Debug */ = {
			isa = XCBuildConfiguration;
			buildSettings = {
				ALWAYS_SEARCH_USER_PATHS = NO;
				ASSETCATALOG_COMPILER_GENERATE_SWIFT_ASSET_SYMBOL_EXTENSIONS = YES;
				CLANG_ANALYZER_NONNULL = YES;
				CLANG_ANALYZER_NUMBER_OBJECT_CONVERSION = YES_AGGRESSIVE;
				CLANG_CXX_LANGUAGE_STANDARD = "gnu++20";
				CLANG_ENABLE_MODULES = YES;
				CLANG_ENABLE_OBJC_ARC = YES;
				CLANG_ENABLE_OBJC_WEAK = YES;
				CLANG_WARN_BLOCK_CAPTURE_AUTORELEASING = YES;
				CLANG_WARN_BOOL_CONVERSION = YES;
				CLANG_WARN_COMMA = YES;
				CLANG_WARN_CONSTANT_CONVERSION = YES;
				CLANG_WARN_DEPRECATED_OBJC_IMPLEMENTATIONS = YES;
				CLANG_WARN_DIRECT_OBJC_ISA_USAGE = YES_ERROR;
				CLANG_WARN_DOCUMENTATION_COMMENTS = YES;
				CLANG_WARN_EMPTY_BODY = YES;
				CLANG_WARN_ENUM_CONVERSION = YES;
				CLANG_WARN_INFINITE_RECURSION = YES;
				CLANG_WARN_INT_CONVERSION = YES;
				CLANG_WARN_NON_LITERAL_NULL_CONVERSION = YES;
				CLANG_WARN_OBJC_IMPLICIT_RETAIN_SELF = YES;
				CLANG_WARN_OBJC_LITERAL_CONVERSION = YES;
				CLANG_WARN_OBJC_ROOT_CLASS = YES_ERROR;
				CLANG_WARN_QUOTED_INCLUDE_IN_FRAMEWORK_HEADER = YES;
				CLANG_WARN_RANGE_LOOP_ANALYSIS = YES;
				CLANG_WARN_STRICT_PROTOTYPES = YES;
				CLANG_WARN_SUSPICIOUS_MOVE = YES;
				CLANG_WARN_UNGUARDED_AVAILABILITY = YES_AGGRESSIVE;
				CLANG_WARN_UNREACHABLE_CODE = YES;
				CLANG_WARN__DUPLICATE_METHOD_MATCH = YES;
				COPY_PHASE_STRIP = NO;
				DEBUG_INFORMATION_FORMAT = dwarf;
				ENABLE_STRICT_OBJC_MSGSEND = YES;
				ENABLE_TESTABILITY = YES;
				ENABLE_USER_SCRIPT_SANDBOXING = YES;
				GCC_C_LANGUAGE_STANDARD = gnu17;
				GCC_DYNAMIC_NO_PIC = NO;
				GCC_NO_COMMON_BLOCKS = YES;
				GCC_OPTIMIZATION_LEVEL = 0;
				GCC_PREPROCESSOR_DEFINITIONS = (
					"DEBUG=1",
					"$(inherited)",
				);
				GCC_WARN_64_TO_32_BIT_CONVERSION = YES;
				GCC_WARN_ABOUT_RETURN_TYPE = YES_ERROR;
				GCC_WARN_UNDECLARED_SELECTOR = YES;
				GCC_WARN_UNINITIALIZED_AUTOS = YES_AGGRESSIVE;
				GCC_WARN_UNUSED_FUNCTION = YES;
				GCC_WARN_UNUSED_VARIABLE = YES;
				IPHONEOS_DEPLOYMENT_TARGET = 18.2;
				LOCALIZATION_PREFERS_STRING_CATALOGS = YES;
				MTL_ENABLE_DEBUG_INFO = INCLUDE_SOURCE;
				MTL_FAST_MATH = YES;
				ONLY_ACTIVE_ARCH = YES;
				SDKROOT = iphoneos;
				SWIFT_ACTIVE_COMPILATION_CONDITIONS = "DEBUG $(inherited)";
				SWIFT_OPTIMIZATION_LEVEL = "-Onone";
			};
			name = Debug;
		};
		C55C4B5C2D2DDCED00C363AA /* Release */ = {
			isa = XCBuildConfiguration;
			buildSettings = {
				ALWAYS_SEARCH_USER_PATHS = NO;
				ASSETCATALOG_COMPILER_GENERATE_SWIFT_ASSET_SYMBOL_EXTENSIONS = YES;
				CLANG_ANALYZER_NONNULL = YES;
				CLANG_ANALYZER_NUMBER_OBJECT_CONVERSION = YES_AGGRESSIVE;
				CLANG_CXX_LANGUAGE_STANDARD = "gnu++20";
				CLANG_ENABLE_MODULES = YES;
				CLANG_ENABLE_OBJC_ARC = YES;
				CLANG_ENABLE_OBJC_WEAK = YES;
				CLANG_WARN_BLOCK_CAPTURE_AUTORELEASING = YES;
				CLANG_WARN_BOOL_CONVERSION = YES;
				CLANG_WARN_COMMA = YES;
				CLANG_WARN_CONSTANT_CONVERSION = YES;
				CLANG_WARN_DEPRECATED_OBJC_IMPLEMENTATIONS = YES;
				CLANG_WARN_DIRECT_OBJC_ISA_USAGE = YES_ERROR;
				CLANG_WARN_DOCUMENTATION_COMMENTS = YES;
				CLANG_WARN_EMPTY_BODY = YES;
				CLANG_WARN_ENUM_CONVERSION = YES;
				CLANG_WARN_INFINITE_RECURSION = YES;
				CLANG_WARN_INT_CONVERSION = YES;
				CLANG_WARN_NON_LITERAL_NULL_CONVERSION = YES;
				CLANG_WARN_OBJC_IMPLICIT_RETAIN_SELF = YES;
				CLANG_WARN_OBJC_LITERAL_CONVERSION = YES;
				CLANG_WARN_OBJC_ROOT_CLASS = YES_ERROR;
				CLANG_WARN_QUOTED_INCLUDE_IN_FRAMEWORK_HEADER = YES;
				CLANG_WARN_RANGE_LOOP_ANALYSIS = YES;
				CLANG_WARN_STRICT_PROTOTYPES = YES;
				CLANG_WARN_SUSPICIOUS_MOVE = YES;
				CLANG_WARN_UNGUARDED_AVAILABILITY = YES_AGGRESSIVE;
				CLANG_WARN_UNREACHABLE_CODE = YES;
				CLANG_WARN__DUPLICATE_METHOD_MATCH = YES;
				COPY_PHASE_STRIP = NO;
				DEBUG_INFORMATION_FORMAT = "dwarf-with-dsym";
				ENABLE_NS_ASSERTIONS = NO;
				ENABLE_STRICT_OBJC_MSGSEND = YES;
				ENABLE_USER_SCRIPT_SANDBOXING = YES;
				GCC_C_LANGUAGE_STANDARD = gnu17;
				GCC_NO_COMMON_BLOCKS = YES;
				GCC_WARN_64_TO_32_BIT_CONVERSION = YES;
				GCC_WARN_ABOUT_RETURN_TYPE = YES_ERROR;
				GCC_WARN_UNDECLARED_SELECTOR = YES;
				GCC_WARN_UNINITIALIZED_AUTOS = YES_AGGRESSIVE;
				GCC_WARN_UNUSED_FUNCTION = YES;
				GCC_WARN_UNUSED_VARIABLE = YES;
				IPHONEOS_DEPLOYMENT_TARGET = 18.2;
				LOCALIZATION_PREFERS_STRING_CATALOGS = YES;
				MTL_ENABLE_DEBUG_INFO = NO;
				MTL_FAST_MATH = YES;
				SDKROOT = iphoneos;
				SWIFT_COMPILATION_MODE = wholemodule;
				VALIDATE_PRODUCT = YES;
			};
			name = Release;
		};
		C55C4B5E2D2DDCED00C363AA /* Debug */ = {
			isa = XCBuildConfiguration;
			buildSettings = {
				ASSETCATALOG_COMPILER_APPICON_NAME = AppIcon;
				ASSETCATALOG_COMPILER_GLOBAL_ACCENT_COLOR_NAME = AccentColor;
				CODE_SIGN_STYLE = Automatic;
				CURRENT_PROJECT_VERSION = 1;
				DEVELOPMENT_ASSET_PATHS = "\"ShopingList/Preview Content\"";
				DEVELOPMENT_TEAM = N2XAP4CLZT;
				ENABLE_PREVIEWS = YES;
				GENERATE_INFOPLIST_FILE = YES;
				INFOPLIST_KEY_UIApplicationSceneManifest_Generation = YES;
				INFOPLIST_KEY_UIApplicationSupportsIndirectInputEvents = YES;
				INFOPLIST_KEY_UILaunchScreen_Generation = YES;
				INFOPLIST_KEY_UIStatusBarStyle = "";
				INFOPLIST_KEY_UISupportedInterfaceOrientations = UIInterfaceOrientationPortrait;
				LD_RUNPATH_SEARCH_PATHS = (
					"$(inherited)",
					"@executable_path/Frameworks",
				);
				MARKETING_VERSION = 1.0;
				PRODUCT_BUNDLE_IDENTIFIER = com.tsodev.ShopingList;
				PRODUCT_NAME = "$(TARGET_NAME)";
				SWIFT_EMIT_LOC_STRINGS = YES;
				SWIFT_VERSION = 5.0;
				TARGETED_DEVICE_FAMILY = "1,2";
			};
			name = Debug;
		};
		C55C4B5F2D2DDCED00C363AA /* Release */ = {
			isa = XCBuildConfiguration;
			buildSettings = {
				ASSETCATALOG_COMPILER_APPICON_NAME = AppIcon;
				ASSETCATALOG_COMPILER_GLOBAL_ACCENT_COLOR_NAME = AccentColor;
				CODE_SIGN_STYLE = Automatic;
				CURRENT_PROJECT_VERSION = 1;
				DEVELOPMENT_ASSET_PATHS = "\"ShopingList/Preview Content\"";
				DEVELOPMENT_TEAM = N2XAP4CLZT;
				ENABLE_PREVIEWS = YES;
				GENERATE_INFOPLIST_FILE = YES;
				INFOPLIST_KEY_UIApplicationSceneManifest_Generation = YES;
				INFOPLIST_KEY_UIApplicationSupportsIndirectInputEvents = YES;
				INFOPLIST_KEY_UILaunchScreen_Generation = YES;
				INFOPLIST_KEY_UIStatusBarStyle = "";
				INFOPLIST_KEY_UISupportedInterfaceOrientations = UIInterfaceOrientationPortrait;
				LD_RUNPATH_SEARCH_PATHS = (
					"$(inherited)",
					"@executable_path/Frameworks",
				);
				MARKETING_VERSION = 1.0;
				PRODUCT_BUNDLE_IDENTIFIER = com.tsodev.ShopingList;
				PRODUCT_NAME = "$(TARGET_NAME)";
				SWIFT_EMIT_LOC_STRINGS = YES;
				SWIFT_VERSION = 5.0;
				TARGETED_DEVICE_FAMILY = "1,2";
			};
			name = Release;
		};
/* End XCBuildConfiguration section */

/* Begin XCConfigurationList section */
		C55C4B4A2D2DDCEC00C363AA /* Build configuration list for PBXProject "ShopingList" */ = {
			isa = XCConfigurationList;
			buildConfigurations = (
				C55C4B5B2D2DDCED00C363AA /* Debug */,
				C55C4B5C2D2DDCED00C363AA /* Release */,
			);
			defaultConfigurationIsVisible = 0;
			defaultConfigurationName = Release;
		};
		C55C4B5D2D2DDCED00C363AA /* Build configuration list for PBXNativeTarget "ShopingList" */ = {
			isa = XCConfigurationList;
			buildConfigurations = (
				C55C4B5E2D2DDCED00C363AA /* Debug */,
				C55C4B5F2D2DDCED00C363AA /* Release */,
			);
			defaultConfigurationIsVisible = 0;
			defaultConfigurationName = Release;
		};
/* End XCConfigurationList section */
	};
	rootObject = C55C4B472D2DDCEC00C363AA /* Project object */;
}
